{
  "name": "codekit-project",
  "version": "1.0.0",
  "lockfileVersion": 1,
  "requires": true,
  "dependencies": {
    "dom7": {
      "version": "3.0.0-alpha.7",
      "resolved": "https://registry.npmjs.org/dom7/-/dom7-3.0.0-alpha.7.tgz",
      "integrity": "sha512-3epkQPsKsbk2Dixqqgm2DT/KzhiAPByjDK7emu6owwFLbM5UoiqWKgdsH+6PpMEgoeR6Ex/bW1UbOe0FWZU0zg==",
      "requires": {
        "ssr-window": "^3.0.0-alpha.1"
      }
    },
    "ssr-window": {
      "version": "3.0.0-alpha.4",
      "resolved": "https://registry.npmjs.org/ssr-window/-/ssr-window-3.0.0-alpha.4.tgz",
      "integrity": "sha512-+dBRP/pZ+VyITxTzD0lMDzDwN/BmfUl8xi2e6t5Nz4+FqUphfcBLB1OOUSYCRNFB25rD3c8AJRYpY5rHTbL+kg=="
    },
    "swiper": {
      "version": "6.1.1",
      "resolved": "https://registry.npmjs.org/swiper/-/swiper-6.1.1.tgz",
      "integrity": "sha512-w6rmEUnpuSWvzuIDJ+nTi7YQ4+pvr++zUnBO2VxkzOZbzQzcMNKNw1yj0RFEok682IHDPCs3LXSl8zSQ+zDEdw==",
      "requires": {
        "dom7": "^3.0.0-alpha.7",
        "ssr-window": "^3.0.0-alpha.4"
      }
    }
  }
}
